PODS:
  - ADALiOS (1.2.8)
  - Base32 (1.1.2)
  - OneDriveSDK (1.2.2):
    - OneDriveSDK/Auth (= 1.2.2)
    - OneDriveSDK/Common (= 1.2.2)
    - OneDriveSDK/Extensions (= 1.2.2)
    - OneDriveSDK/Implementations (= 1.2.2)
    - OneDriveSDK/OneDriveCoreSDK (= 1.2.2)
  - OneDriveSDK/Auth (1.2.2):
    - ADALiOS (~> 1.2)
    - Base32 (~> 1.1)
    - OneDriveSDK/Common
  - OneDriveSDK/Common (1.2.2)
  - OneDriveSDK/Extensions (1.2.2):
    - OneDriveSDK/Auth
    - OneDriveSDK/Implementations
    - OneDriveSDK/OneDriveCoreSDK
  - OneDriveSDK/Implementations (1.2.2):
    - OneDriveSDK/Common
  - OneDriveSDK/OneDriveCoreSDK (1.2.2):
    - OneDriveSDK/Common

DEPENDENCIES:
  - OneDriveSDK (from `./`)

EXTERNAL SOURCES:
  OneDriveSDK:
    :path: "./"

SPEC CHECKSUMS:
  ADALiOS: 2d49eae0143c9358e91ff2d5c5f789479b74d70f
  Base32: 163c298644d184e89ca4e00a996bad6bf5166390
  OneDriveSDK: 140abd05088c6a7670a02bccf9deb6d01dd7d7df

PODFILE CHECKSUM: 3560b3ad56506f66ef676af9e13dc571bdf82b09

COCOAPODS: 1.0.1
